
Microsoft Visual Studio Solution File, Format Version 12.00
# Visual Studio Version 17
VisualStudioVersion = 17.0.31903.59
MinimumVisualStudioVersion = 10.0.40219.1
Project("{FAE04EC0-301F-11D3-BF4B-00C04F79EFBC}") = "RiverBooks.Web", "Src/RiverBooks.Web\RiverBooks.Web.csproj", "{45045AAF-2474-4AA2-A45F-4C48DF2BC4A8}"
EndProject
Project("{FAE04EC0-301F-11D3-BF4B-00C04F79EFBC}") = "RiverBooks.Books", "Src/RiverBooks.Books\RiverBooks.Books.csproj", "{D1752A2D-8944-4235-AA9B-F8A811094284}"
EndProject
Project("{FAE04EC0-301F-11D3-BF4B-00C04F79EFBC}") = "RiverBooks.Books.Tests", "RiverBooks.Books.Tests\RiverBooks.Books.Tests.csproj", "{784E308F-B505-4B2D-8B5B-EE0A718DB0A6}"
EndProject
Global
	GlobalSection(SolutionConfigurationPlatforms) = preSolution
		Debug|Any CPU = Debug|Any CPU
		Release|Any CPU = Release|Any CPU
	EndGlobalSection
	GlobalSection(SolutionProperties) = preSolution
		HideSolutionNode = FALSE
	EndGlobalSection
	GlobalSection(ProjectConfigurationPlatforms) = postSolution
		{45045AAF-2474-4AA2-A45F-4C48DF2BC4A8}.Debug|Any CPU.ActiveCfg = Debug|Any CPU
		{45045AAF-2474-4AA2-A45F-4C48DF2BC4A8}.Debug|Any CPU.Build.0 = Debug|Any CPU
		{45045AAF-2474-4AA2-A45F-4C48DF2BC4A8}.Release|Any CPU.ActiveCfg = Release|Any CPU
		{45045AAF-2474-4AA2-A45F-4C48DF2BC4A8}.Release|Any CPU.Build.0 = Release|Any CPU
		{D1752A2D-8944-4235-AA9B-F8A811094284}.Debug|Any CPU.ActiveCfg = Debug|Any CPU
		{D1752A2D-8944-4235-AA9B-F8A811094284}.Debug|Any CPU.Build.0 = Debug|Any CPU
		{D1752A2D-8944-4235-AA9B-F8A811094284}.Release|Any CPU.ActiveCfg = Release|Any CPU
		{D1752A2D-8944-4235-AA9B-F8A811094284}.Release|Any CPU.Build.0 = Release|Any CPU
		{784E308F-B505-4B2D-8B5B-EE0A718DB0A6}.Debug|Any CPU.ActiveCfg = Debug|Any CPU
		{784E308F-B505-4B2D-8B5B-EE0A718DB0A6}.Debug|Any CPU.Build.0 = Debug|Any CPU
		{784E308F-B505-4B2D-8B5B-EE0A718DB0A6}.Release|Any CPU.ActiveCfg = Release|Any CPU
		{784E308F-B505-4B2D-8B5B-EE0A718DB0A6}.Release|Any CPU.Build.0 = Release|Any CPU
	EndGlobalSection
EndGlobal
