
Microsoft Visual Studio Solution File, Format Version 12.00
# Visual Studio Version 17
VisualStudioVersion = 17.0.31903.59
MinimumVisualStudioVersion = 10.0.40219.1
Project("{FAE04EC0-301F-11D3-BF4B-00C04F79EFBC}") = "RiverBooks.Web", "Src/RiverBooks.Web\RiverBooks.Web.csproj", "{45045AAF-2474-4AA2-A45F-4C48DF2BC4A8}"
EndProject
Project("{FAE04EC0-301F-11D3-BF4B-00C04F79EFBC}") = "RiverBooks.Books", "Src/RiverBooks.Books\RiverBooks.Books.csproj", "{D1752A2D-8944-4235-AA9B-F8A811094284}"
EndProject
Project("{FAE04EC0-301F-11D3-BF4B-00C04F79EFBC}") = "RiverBooks.Books.Tests", "Src/RiverBooks.Books.Tests\RiverBooks.Books.Tests.csproj", "{784E308F-B505-4B2D-8B5B-EE0A718DB0A6}"
EndProject
Project("{2150E333-8FDC-42A3-9474-1A3956D46DE8}") = "Books Module", "Books Module", "{11FEBD44-6BAF-48AE-9296-BC61AF68CFC6}"
EndProject
Project("{2150E333-8FDC-42A3-9474-1A3956D46DE8}") = "Users Module", "Users Module", "{3A885870-5C7D-4C45-9724-3864B95C7EC3}"
EndProject
Project("{FAE04EC0-301F-11D3-BF4B-00C04F79EFBC}") = "RiverBooks.Users", "Src/RiverBooks.Users\RiverBooks.Users.csproj", "{D5B75039-89BB-43DA-8538-2EE47DBD3839}"
EndProject
Project("{FAE04EC0-301F-11D3-BF4B-00C04F79EFBC}") = "RiverBooks.Books.Contracts", "Src/RiverBooks.Books.Contracts\RiverBooks.Books.Contracts.csproj", "{14D2C9AE-AE17-4504-B13B-0DA5F9E52280}"
EndProject
Project("{2150E333-8FDC-42A3-9474-1A3956D46DE8}") = "OrderProcessing Module", "OrderProcessing Module", "{24B8427F-1D45-4257-943C-66515165D158}"
EndProject
Project("{FAE04EC0-301F-11D3-BF4B-00C04F79EFBC}") = "RiverBooks.OrderProcessing", "Src/RiverBooks.OrderProcessing\RiverBooks.OrderProcessing.csproj", "{60552516-80DD-49A9-A71F-96F40996406C}"
EndProject
Project("{FAE04EC0-301F-11D3-BF4B-00C04F79EFBC}") = "RiverBooks.OrderProcessing.Contracts", "RiverBooks.OrderProcessing.Contracts\RiverBooks.OrderProcessing.Contracts.csproj", "{7C574730-1383-4F74-9213-FC0C6E54AEE7}"
EndProject
Project("{FAE04EC0-301F-11D3-BF4B-00C04F79EFBC}") = "RiverBooks.Users.Contracts", "RiverBooks.Users.Contracts\RiverBooks.Users.Contracts.csproj", "{B7EFBE06-61DF-4F47-9399-253A27F5B4DF}"
EndProject
Global
	GlobalSection(SolutionConfigurationPlatforms) = preSolution
		Debug|Any CPU = Debug|Any CPU
		Release|Any CPU = Release|Any CPU
	EndGlobalSection
	GlobalSection(SolutionProperties) = preSolution
		HideSolutionNode = FALSE
	EndGlobalSection
	GlobalSection(ProjectConfigurationPlatforms) = postSolution
		{45045AAF-2474-4AA2-A45F-4C48DF2BC4A8}.Debug|Any CPU.ActiveCfg = Debug|Any CPU
		{45045AAF-2474-4AA2-A45F-4C48DF2BC4A8}.Debug|Any CPU.Build.0 = Debug|Any CPU
		{45045AAF-2474-4AA2-A45F-4C48DF2BC4A8}.Release|Any CPU.ActiveCfg = Release|Any CPU
		{45045AAF-2474-4AA2-A45F-4C48DF2BC4A8}.Release|Any CPU.Build.0 = Release|Any CPU
		{D1752A2D-8944-4235-AA9B-F8A811094284}.Debug|Any CPU.ActiveCfg = Debug|Any CPU
		{D1752A2D-8944-4235-AA9B-F8A811094284}.Debug|Any CPU.Build.0 = Debug|Any CPU
		{D1752A2D-8944-4235-AA9B-F8A811094284}.Release|Any CPU.ActiveCfg = Release|Any CPU
		{D1752A2D-8944-4235-AA9B-F8A811094284}.Release|Any CPU.Build.0 = Release|Any CPU
		{784E308F-B505-4B2D-8B5B-EE0A718DB0A6}.Debug|Any CPU.ActiveCfg = Debug|Any CPU
		{784E308F-B505-4B2D-8B5B-EE0A718DB0A6}.Debug|Any CPU.Build.0 = Debug|Any CPU
		{784E308F-B505-4B2D-8B5B-EE0A718DB0A6}.Release|Any CPU.ActiveCfg = Release|Any CPU
		{784E308F-B505-4B2D-8B5B-EE0A718DB0A6}.Release|Any CPU.Build.0 = Release|Any CPU
		{D5B75039-89BB-43DA-8538-2EE47DBD3839}.Debug|Any CPU.ActiveCfg = Debug|Any CPU
		{D5B75039-89BB-43DA-8538-2EE47DBD3839}.Debug|Any CPU.Build.0 = Debug|Any CPU
		{D5B75039-89BB-43DA-8538-2EE47DBD3839}.Release|Any CPU.ActiveCfg = Release|Any CPU
		{D5B75039-89BB-43DA-8538-2EE47DBD3839}.Release|Any CPU.Build.0 = Release|Any CPU
		{14D2C9AE-AE17-4504-B13B-0DA5F9E52280}.Debug|Any CPU.ActiveCfg = Debug|Any CPU
		{14D2C9AE-AE17-4504-B13B-0DA5F9E52280}.Debug|Any CPU.Build.0 = Debug|Any CPU
		{14D2C9AE-AE17-4504-B13B-0DA5F9E52280}.Release|Any CPU.ActiveCfg = Release|Any CPU
		{14D2C9AE-AE17-4504-B13B-0DA5F9E52280}.Release|Any CPU.Build.0 = Release|Any CPU
		{60552516-80DD-49A9-A71F-96F40996406C}.Debug|Any CPU.ActiveCfg = Debug|Any CPU
		{60552516-80DD-49A9-A71F-96F40996406C}.Debug|Any CPU.Build.0 = Debug|Any CPU
		{60552516-80DD-49A9-A71F-96F40996406C}.Release|Any CPU.ActiveCfg = Release|Any CPU
		{60552516-80DD-49A9-A71F-96F40996406C}.Release|Any CPU.Build.0 = Release|Any CPU
		{7C574730-1383-4F74-9213-FC0C6E54AEE7}.Debug|Any CPU.ActiveCfg = Debug|Any CPU
		{7C574730-1383-4F74-9213-FC0C6E54AEE7}.Debug|Any CPU.Build.0 = Debug|Any CPU
		{7C574730-1383-4F74-9213-FC0C6E54AEE7}.Release|Any CPU.ActiveCfg = Release|Any CPU
		{7C574730-1383-4F74-9213-FC0C6E54AEE7}.Release|Any CPU.Build.0 = Release|Any CPU
		{B7EFBE06-61DF-4F47-9399-253A27F5B4DF}.Debug|Any CPU.ActiveCfg = Debug|Any CPU
		{B7EFBE06-61DF-4F47-9399-253A27F5B4DF}.Debug|Any CPU.Build.0 = Debug|Any CPU
		{B7EFBE06-61DF-4F47-9399-253A27F5B4DF}.Release|Any CPU.ActiveCfg = Release|Any CPU
		{B7EFBE06-61DF-4F47-9399-253A27F5B4DF}.Release|Any CPU.Build.0 = Release|Any CPU
	EndGlobalSection
	GlobalSection(NestedProjects) = preSolution
		{D1752A2D-8944-4235-AA9B-F8A811094284} = {11FEBD44-6BAF-48AE-9296-BC61AF68CFC6}
		{784E308F-B505-4B2D-8B5B-EE0A718DB0A6} = {11FEBD44-6BAF-48AE-9296-BC61AF68CFC6}
		{D5B75039-89BB-43DA-8538-2EE47DBD3839} = {3A885870-5C7D-4C45-9724-3864B95C7EC3}
		{14D2C9AE-AE17-4504-B13B-0DA5F9E52280} = {11FEBD44-6BAF-48AE-9296-BC61AF68CFC6}
		{60552516-80DD-49A9-A71F-96F40996406C} = {24B8427F-1D45-4257-943C-66515165D158}
		{7C574730-1383-4F74-9213-FC0C6E54AEE7} = {24B8427F-1D45-4257-943C-66515165D158}
		{B7EFBE06-61DF-4F47-9399-253A27F5B4DF} = {3A885870-5C7D-4C45-9724-3864B95C7EC3}
	EndGlobalSection
EndGlobal
